// !$*UTF8*$!
{
	archiveVersion = 1;
	classes = {
	};
	objectVersion = 56;
	objects = {

/* Begin PBXBuildFile section */
		88AFE8622BFF243800C8E9BB /* AppDelegate.swift in Sources */ = {isa = PBXBuildFile; fileRef = 88AFE8612BFF243800C8E9BB /* AppDelegate.swift */; };
		88AFE8642BFF243800C8E9BB /* SceneDelegate.swift in Sources */ = {isa = PBXBuildFile; fileRef = 88AFE8632BFF243800C8E9BB /* SceneDelegate.swift */; };
		88AFE8662BFF243800C8E9BB /* ViewController.swift in Sources */ = {isa = PBXBuildFile; fileRef = 88AFE8652BFF243800C8E9BB /* ViewController.swift */; };
		88AFE8692BFF243800C8E9BB /* Base in Resources */ = {isa = PBXBuildFile; fileRef = 88AFE8682BFF243800C8E9BB /* Base */; };
		88AFE86B2BFF243800C8E9BB /* Assets.xcassets in Resources */ = {isa = PBXBuildFile; fileRef = 88AFE86A2BFF243800C8E9BB /* Assets.xcassets */; };
		88AFE86E2BFF243800C8E9BB /* Base in Resources */ = {isa = PBXBuildFile; fileRef = 88AFE86D2BFF243800C8E9BB /* Base */; };
		88AFE8782BFF262E00C8E9BB /* ConcentrateTableViewController.swift in Sources */ = {isa = PBXBuildFile; fileRef = 88AFE8772BFF262E00C8E9BB /* ConcentrateTableViewController.swift */; };
		88AFE87A2BFF2E4A00C8E9BB /* SettingTableViewController.swift in Sources */ = {isa = PBXBuildFile; fileRef = 88AFE8792BFF2E4A00C8E9BB /* SettingTableViewController.swift */; };
		88AFE87C2BFF319C00C8E9BB /* ShoppingTableViewController.swift in Sources */ = {isa = PBXBuildFile; fileRef = 88AFE87B2BFF319C00C8E9BB /* ShoppingTableViewController.swift */; };
		88CCCCC62BFF58F8006FE4B8 /* ShoppingTableViewCell.swift in Sources */ = {isa = PBXBuildFile; fileRef = 88CCCCC52BFF58F8006FE4B8 /* ShoppingTableViewCell.swift */; };
		88CCCCC82BFF6A4C006FE4B8 /* UIViewController + Extension.swift in Sources */ = {isa = PBXBuildFile; fileRef = 88CCCCC72BFF6A4C006FE4B8 /* UIViewController + Extension.swift */; };
		88CCCCCB2BFF7BB1006FE4B8 /* UserDefault.swift in Sources */ = {isa = PBXBuildFile; fileRef = 88CCCCCA2BFF7BB1006FE4B8 /* UserDefault.swift */; };
/* End PBXBuildFile section */

/* Begin PBXFileReference section */
		88AFE85E2BFF243800C8E9BB /* SimpleTableView.app */ = {isa = PBXFileReference; explicitFileType = wrapper.application; includeInIndex = 0; path = SimpleTableView.app; sourceTree = BUILT_PRODUCTS_DIR; };
		88AFE8612BFF243800C8E9BB /* AppDelegate.swift */ = {isa = PBXFileReference; lastKnownFileType = sourcecode.swift; path = AppDelegate.swift; sourceTree = "<group>"; };
		88AFE8632BFF243800C8E9BB /* SceneDelegate.swift */ = {isa = PBXFileReference; lastKnownFileType = sourcecode.swift; path = SceneDelegate.swift; sourceTree = "<group>"; };
		88AFE8652BFF243800C8E9BB /* ViewController.swift */ = {isa = PBXFileReference; lastKnownFileType = sourcecode.swift; path = ViewController.swift; sourceTree = "<group>"; };
		88AFE8682BFF243800C8E9BB /* Base */ = {isa = PBXFileReference; lastKnownFileType = file.storyboard; name = Base; path = Base.lproj/Main.storyboard; sourceTree = "<group>"; };
		88AFE86A2BFF243800C8E9BB /* Assets.xcassets */ = {isa = PBXFileReference; lastKnownFileType = folder.assetcatalog; path = Assets.xcassets; sourceTree = "<group>"; };
		88AFE86D2BFF243800C8E9BB /* Base */ = {isa = PBXFileReference; lastKnownFileType = file.storyboard; name = Base; path = Base.lproj/LaunchScreen.storyboard; sourceTree = "<group>"; };
		88AFE86F2BFF243800C8E9BB /* Info.plist */ = {isa = PBXFileReference; lastKnownFileType = text.plist.xml; path = Info.plist; sourceTree = "<group>"; };
		88AFE8772BFF262E00C8E9BB /* ConcentrateTableViewController.swift */ = {isa = PBXFileReference; lastKnownFileType = sourcecode.swift; path = ConcentrateTableViewController.swift; sourceTree = "<group>"; };
		88AFE8792BFF2E4A00C8E9BB /* SettingTableViewController.swift */ = {isa = PBXFileReference; lastKnownFileType = sourcecode.swift; path = SettingTableViewController.swift; sourceTree = "<group>"; };
		88AFE87B2BFF319C00C8E9BB /* ShoppingTableViewController.swift */ = {isa = PBXFileReference; lastKnownFileType = sourcecode.swift; path = ShoppingTableViewController.swift; sourceTree = "<group>"; };
		88CCCCC52BFF58F8006FE4B8 /* ShoppingTableViewCell.swift */ = {isa = PBXFileReference; lastKnownFileType = sourcecode.swift; path = ShoppingTableViewCell.swift; sourceTree = "<group>"; };
		88CCCCC72BFF6A4C006FE4B8 /* UIViewController + Extension.swift */ = {isa = PBXFileReference; lastKnownFileType = sourcecode.swift; path = "UIViewController + Extension.swift"; sourceTree = "<group>"; };
		88CCCCCA2BFF7BB1006FE4B8 /* UserDefault.swift */ = {isa = PBXFileReference; lastKnownFileType = sourcecode.swift; path = UserDefault.swift; sourceTree = "<group>"; };
/* End PBXFileReference section */

/* Begin PBXFrameworksBuildPhase section */
		88AFE85B2BFF243800C8E9BB /* Frameworks */ = {
			isa = PBXFrameworksBuildPhase;
			buildActionMask = 2147483647;
			files = (
			);
			runOnlyForDeploymentPostprocessing = 0;
		};
/* End PBXFrameworksBuildPhase section */

/* Begin PBXGroup section */
		88AFE8552BFF243800C8E9BB = {
			isa = PBXGroup;
			children = (
				88AFE8602BFF243800C8E9BB /* SimpleTableView */,
				88AFE85F2BFF243800C8E9BB /* Products */,
			);
			sourceTree = "<group>";
		};
		88AFE85F2BFF243800C8E9BB /* Products */ = {
			isa = PBXGroup;
			children = (
				88AFE85E2BFF243800C8E9BB /* SimpleTableView.app */,
			);
			name = Products;
			sourceTree = "<group>";
		};
		88AFE8602BFF243800C8E9BB /* SimpleTableView */ = {
			isa = PBXGroup;
			children = (
				88CCCCC92BFF6AF4006FE4B8 /* Extension */,
				88AFE8612BFF243800C8E9BB /* AppDelegate.swift */,
				88AFE8632BFF243800C8E9BB /* SceneDelegate.swift */,
				88AFE8652BFF243800C8E9BB /* ViewController.swift */,
				88AFE8672BFF243800C8E9BB /* Main.storyboard */,
				88AFE86A2BFF243800C8E9BB /* Assets.xcassets */,
				88AFE86C2BFF243800C8E9BB /* LaunchScreen.storyboard */,
				88AFE86F2BFF243800C8E9BB /* Info.plist */,
				88AFE8772BFF262E00C8E9BB /* ConcentrateTableViewController.swift */,
				88AFE8792BFF2E4A00C8E9BB /* SettingTableViewController.swift */,
				88AFE87B2BFF319C00C8E9BB /* ShoppingTableViewController.swift */,
				88CCCCC52BFF58F8006FE4B8 /* ShoppingTableViewCell.swift */,
				88CCCCCA2BFF7BB1006FE4B8 /* UserDefault.swift */,
			);
			path = SimpleTableView;
			sourceTree = "<group>";
		};
		88CCCCC92BFF6AF4006FE4B8 /* Extension */ = {
			isa = PBXGroup;
			children = (
				88CCCCC72BFF6A4C006FE4B8 /* UIViewController + Extension.swift */,
			);
			path = Extension;
			sourceTree = "<group>";
		};
/* End PBXGroup section */

/* Begin PBXNativeTarget section */
		88AFE85D2BFF243800C8E9BB /* SimpleTableView */ = {
			isa = PBXNativeTarget;
			buildConfigurationList = 88AFE8722BFF243800C8E9BB /* Build configuration list for PBXNativeTarget "SimpleTableView" */;
			buildPhases = (
				88AFE85A2BFF243800C8E9BB /* Sources */,
				88AFE85B2BFF243800C8E9BB /* Frameworks */,
				88AFE85C2BFF243800C8E9BB /* Resources */,
			);
			buildRules = (
			);
			dependencies = (
			);
			name = SimpleTableView;
			productName = SimpleTableView;
			productReference = 88AFE85E2BFF243800C8E9BB /* SimpleTableView.app */;
			productType = "com.apple.product-type.application";
		};
/* End PBXNativeTarget section */

/* Begin PBXProject section */
		88AFE8562BFF243800C8E9BB /* Project object */ = {
			isa = PBXProject;
			attributes = {
				BuildIndependentTargetsInParallel = 1;
				LastSwiftUpdateCheck = 1540;
				LastUpgradeCheck = 1540;
				TargetAttributes = {
					88AFE85D2BFF243800C8E9BB = {
						CreatedOnToolsVersion = 15.4;
					};
				};
			};
			buildConfigurationList = 88AFE8592BFF243800C8E9BB /* Build configuration list for PBXProject "SimpleTableView" */;
			compatibilityVersion = "Xcode 14.0";
			developmentRegion = en;
			hasScannedForEncodings = 0;
			knownRegions = (
				en,
				Base,
			);
			mainGroup = 88AFE8552BFF243800C8E9BB;
			productRefGroup = 88AFE85F2BFF243800C8E9BB /* Products */;
			projectDirPath = "";
			projectRoot = "";
			targets = (
				88AFE85D2BFF243800C8E9BB /* SimpleTableView */,
			);
		};
/* End PBXProject section */

/* Begin PBXResourcesBuildPhase section */
		88AFE85C2BFF243800C8E9BB /* Resources */ = {
			isa = PBXResourcesBuildPhase;
			buildActionMask = 2147483647;
			files = (
				88AFE86B2BFF243800C8E9BB /* Assets.xcassets in Resources */,
				88AFE86E2BFF243800C8E9BB /* Base in Resources */,
				88AFE8692BFF243800C8E9BB /* Base in Resources */,
			);
			runOnlyForDeploymentPostprocessing = 0;
		};
/* End PBXResourcesBuildPhase section */

/* Begin PBXSourcesBuildPhase section */
		88AFE85A2BFF243800C8E9BB /* Sources */ = {
			isa = PBXSourcesBuildPhase;
			buildActionMask = 2147483647;
			files = (
				88AFE8782BFF262E00C8E9BB /* ConcentrateTableViewController.swift in Sources */,
				88AFE87C2BFF319C00C8E9BB /* ShoppingTableViewController.swift in Sources */,
				88CCCCC82BFF6A4C006FE4B8 /* UIViewController + Extension.swift in Sources */,
				88AFE8662BFF243800C8E9BB /* ViewController.swift in Sources */,
				88AFE8622BFF243800C8E9BB /* AppDelegate.swift in Sources */,
				88CCCCCB2BFF7BB1006FE4B8 /* UserDefault.swift in Sources */,
				88AFE8642BFF243800C8E9BB /* SceneDelegate.swift in Sources */,
				88CCCCC62BFF58F8006FE4B8 /* ShoppingTableViewCell.swift in Sources */,
				88AFE87A2BFF2E4A00C8E9BB /* SettingTableViewController.swift in Sources */,
			);
			runOnlyForDeploymentPostprocessing = 0;
		};
/* End PBXSourcesBuildPhase section */

/* Begin PBXVariantGroup section */
		88AFE8672BFF243800C8E9BB /* Main.storyboard */ = {
			isa = PBXVariantGroup;
			children = (
				88AFE8682BFF243800C8E9BB /* Base */,
			);
			name = Main.storyboard;
			sourceTree = "<group>";
		};
		88AFE86C2BFF243800C8E9BB /* LaunchScreen.storyboard */ = {
			isa = PBXVariantGroup;
			children = (
				88AFE86D2BFF243800C8E9BB /* Base */,
			);
			name = LaunchScreen.storyboard;
			sourceTree = "<group>";
		};
/* End PBXVariantGroup section */

/* Begin XCBuildConfiguration section */
		88AFE8702BFF243800C8E9BB /* Debug */ = {
			isa = XCBuildConfiguration;
			buildSettings = {
				ALWAYS_SEARCH_USER_PATHS = NO;
				ASSETCATALOG_COMPILER_GENERATE_SWIFT_ASSET_SYMBOL_EXTENSIONS = YES;
				CLANG_ANALYZER_NONNULL = YES;
				CLANG_ANALYZER_NUMBER_OBJECT_CONVERSION = YES_AGGRESSIVE;
				CLANG_CXX_LANGUAGE_STANDARD = "gnu++20";
				CLANG_ENABLE_MODULES = YES;
				CLANG_ENABLE_OBJC_ARC = YES;
				CLANG_ENABLE_OBJC_WEAK = YES;
				CLANG_WARN_BLOCK_CAPTURE_AUTORELEASING = YES;
				CLANG_WARN_BOOL_CONVERSION = YES;
				CLANG_WARN_COMMA = YES;
				CLANG_WARN_CONSTANT_CONVERSION = YES;
				CLANG_WARN_DEPRECATED_OBJC_IMPLEMENTATIONS = YES;
				CLANG_WARN_DIRECT_OBJC_ISA_USAGE = YES_ERROR;
				CLANG_WARN_DOCUMENTATION_COMMENTS = YES;
				CLANG_WARN_EMPTY_BODY = YES;
				CLANG_WARN_ENUM_CONVERSION = YES;
				CLANG_WARN_INFINITE_RECURSION = YES;
				CLANG_WARN_INT_CONVERSION = YES;
				CLANG_WARN_NON_LITERAL_NULL_CONVERSION = YES;
				CLANG_WARN_OBJC_IMPLICIT_RETAIN_SELF = YES;
				CLANG_WARN_OBJC_LITERAL_CONVERSION = YES;
				CLANG_WARN_OBJC_ROOT_CLASS = YES_ERROR;
				CLANG_WARN_QUOTED_INCLUDE_IN_FRAMEWORK_HEADER = YES;
				CLANG_WARN_RANGE_LOOP_ANALYSIS = YES;
				CLANG_WARN_STRICT_PROTOTYPES = YES;
				CLANG_WARN_SUSPICIOUS_MOVE = YES;
				CLANG_WARN_UNGUARDED_AVAILABILITY = YES_AGGRESSIVE;
				CLANG_WARN_UNREACHABLE_CODE = YES;
				CLANG_WARN__DUPLICATE_METHOD_MATCH = YES;
				COPY_PHASE_STRIP = NO;
				DEBUG_INFORMATION_FORMAT = dwarf;
				ENABLE_STRICT_OBJC_MSGSEND = YES;
				ENABLE_TESTABILITY = YES;
				ENABLE_USER_SCRIPT_SANDBOXING = YES;
				GCC_C_LANGUAGE_STANDARD = gnu17;
				GCC_DYNAMIC_NO_PIC = NO;
				GCC_NO_COMMON_BLOCKS = YES;
				GCC_OPTIMIZATION_LEVEL = 0;
				GCC_PREPROCESSOR_DEFINITIONS = (
					"DEBUG=1",
					"$(inherited)",
				);
				GCC_WARN_64_TO_32_BIT_CONVERSION = YES;
				GCC_WARN_ABOUT_RETURN_TYPE = YES_ERROR;
				GCC_WARN_UNDECLARED_SELECTOR = YES;
				GCC_WARN_UNINITIALIZED_AUTOS = YES_AGGRESSIVE;
				GCC_WARN_UNUSED_FUNCTION = YES;
				GCC_WARN_UNUSED_VARIABLE = YES;
				IPHONEOS_DEPLOYMENT_TARGET = 17.5;
				LOCALIZATION_PREFERS_STRING_CATALOGS = YES;
				MTL_ENABLE_DEBUG_INFO = INCLUDE_SOURCE;
				MTL_FAST_MATH = YES;
				ONLY_ACTIVE_ARCH = YES;
				SDKROOT = iphoneos;
				SWIFT_ACTIVE_COMPILATION_CONDITIONS = "DEBUG $(inherited)";
				SWIFT_OPTIMIZATION_LEVEL = "-Onone";
			};
			name = Debug;
		};
		88AFE8712BFF243800C8E9BB /* Release */ = {
			isa = XCBuildConfiguration;
			buildSettings = {
				ALWAYS_SEARCH_USER_PATHS = NO;
				ASSETCATALOG_COMPILER_GENERATE_SWIFT_ASSET_SYMBOL_EXTENSIONS = YES;
				CLANG_ANALYZER_NONNULL = YES;
				CLANG_ANALYZER_NUMBER_OBJECT_CONVERSION = YES_AGGRESSIVE;
				CLANG_CXX_LANGUAGE_STANDARD = "gnu++20";
				CLANG_ENABLE_MODULES = YES;
				CLANG_ENABLE_OBJC_ARC = YES;
				CLANG_ENABLE_OBJC_WEAK = YES;
				CLANG_WARN_BLOCK_CAPTURE_AUTORELEASING = YES;
				CLANG_WARN_BOOL_CONVERSION = YES;
				CLANG_WARN_COMMA = YES;
				CLANG_WARN_CONSTANT_CONVERSION = YES;
				CLANG_WARN_DEPRECATED_OBJC_IMPLEMENTATIONS = YES;
				CLANG_WARN_DIRECT_OBJC_ISA_USAGE = YES_ERROR;
				CLANG_WARN_DOCUMENTATION_COMMENTS = YES;
				CLANG_WARN_EMPTY_BODY = YES;
				CLANG_WARN_ENUM_CONVERSION = YES;
				CLANG_WARN_INFINITE_RECURSION = YES;
				CLANG_WARN_INT_CONVERSION = YES;
				CLANG_WARN_NON_LITERAL_NULL_CONVERSION = YES;
				CLANG_WARN_OBJC_IMPLICIT_RETAIN_SELF = YES;
				CLANG_WARN_OBJC_LITERAL_CONVERSION = YES;
				CLANG_WARN_OBJC_ROOT_CLASS = YES_ERROR;
				CLANG_WARN_QUOTED_INCLUDE_IN_FRAMEWORK_HEADER = YES;
				CLANG_WARN_RANGE_LOOP_ANALYSIS = YES;
				CLANG_WARN_STRICT_PROTOTYPES = YES;
				CLANG_WARN_SUSPICIOUS_MOVE = YES;
				CLANG_WARN_UNGUARDED_AVAILABILITY = YES_AGGRESSIVE;
				CLANG_WARN_UNREACHABLE_CODE = YES;
				CLANG_WARN__DUPLICATE_METHOD_MATCH = YES;
				COPY_PHASE_STRIP = NO;
				DEBUG_INFORMATION_FORMAT = "dwarf-with-dsym";
				ENABLE_NS_ASSERTIONS = NO;
				ENABLE_STRICT_OBJC_MSGSEND = YES;
				ENABLE_USER_SCRIPT_SANDBOXING = YES;
				GCC_C_LANGUAGE_STANDARD = gnu17;
				GCC_NO_COMMON_BLOCKS = YES;
				GCC_WARN_64_TO_32_BIT_CONVERSION = YES;
				GCC_WARN_ABOUT_RETURN_TYPE = YES_ERROR;
				GCC_WARN_UNDECLARED_SELECTOR = YES;
				GCC_WARN_UNINITIALIZED_AUTOS = YES_AGGRESSIVE;
				GCC_WARN_UNUSED_FUNCTION = YES;
				GCC_WARN_UNUSED_VARIABLE = YES;
				IPHONEOS_DEPLOYMENT_TARGET = 17.5;
				LOCALIZATION_PREFERS_STRING_CATALOGS = YES;
				MTL_ENABLE_DEBUG_INFO = NO;
				MTL_FAST_MATH = YES;
				SDKROOT = iphoneos;
				SWIFT_COMPILATION_MODE = wholemodule;
				VALIDATE_PRODUCT = YES;
			};
			name = Release;
		};
		88AFE8732BFF243800C8E9BB /* Debug */ = {
			isa = XCBuildConfiguration;
			buildSettings = {
				ASSETCATALOG_COMPILER_APPICON_NAME = AppIcon;
				ASSETCATALOG_COMPILER_GLOBAL_ACCENT_COLOR_NAME = AccentColor;
				CODE_SIGN_STYLE = Automatic;
				CURRENT_PROJECT_VERSION = 1;
				GENERATE_INFOPLIST_FILE = YES;
				INFOPLIST_FILE = SimpleTableView/Info.plist;
				INFOPLIST_KEY_UIApplicationSupportsIndirectInputEvents = YES;
				INFOPLIST_KEY_UILaunchStoryboardName = LaunchScreen;
				INFOPLIST_KEY_UIMainStoryboardFile = Main;
				INFOPLIST_KEY_UISupportedInterfaceOrientations = UIInterfaceOrientationPortrait;
				INFOPLIST_KEY_UISupportedInterfaceOrientations_iPad = "UIInterfaceOrientationLandscapeLeft UIInterfaceOrientationLandscapeRight UIInterfaceOrientationPortrait UIInterfaceOrientationPortraitUpsideDown";
				IPHONEOS_DEPLOYMENT_TARGET = 16.0;
				LD_RUNPATH_SEARCH_PATHS = (
					"$(inherited)",
					"@executable_path/Frameworks",
				);
				MARKETING_VERSION = 1.0;
				PRODUCT_BUNDLE_IDENTIFIER = com.jm.SimpleTableView;
				PRODUCT_NAME = "$(TARGET_NAME)";
				SUPPORTED_PLATFORMS = "iphoneos iphonesimulator";
				SUPPORTS_MACCATALYST = NO;
				SUPPORTS_MAC_DESIGNED_FOR_IPHONE_IPAD = NO;
				SUPPORTS_XR_DESIGNED_FOR_IPHONE_IPAD = NO;
				SWIFT_EMIT_LOC_STRINGS = YES;
				SWIFT_VERSION = 5.0;
				TARGETED_DEVICE_FAMILY = 1;
			};
			name = Debug;
		};
		88AFE8742BFF243800C8E9BB /* Release */ = {
			isa = XCBuildConfiguration;
			buildSettings = {
				ASSETCATALOG_COMPILER_APPICON_NAME = AppIcon;
				ASSETCATALOG_COMPILER_GLOBAL_ACCENT_COLOR_NAME = AccentColor;
				CODE_SIGN_STYLE = Automatic;
				CURRENT_PROJECT_VERSION = 1;
				GENERATE_INFOPLIST_FILE = YES;
				INFOPLIST_FILE = SimpleTableView/Info.plist;
				INFOPLIST_KEY_UIApplicationSupportsIndirectInputEvents = YES;
				INFOPLIST_KEY_UILaunchStoryboardName = LaunchScreen;
				INFOPLIST_KEY_UIMainStoryboardFile = Main;
				INFOPLIST_KEY_UISupportedInterfaceOrientations = UIInterfaceOrientationPortrait;
				INFOPLIST_KEY_UISupportedInterfaceOrientations_iPad = "UIInterfaceOrientationLandscapeLeft UIInterfaceOrientationLandscapeRight UIInterfaceOrientationPortrait UIInterfaceOrientationPortraitUpsideDown";
				IPHONEOS_DEPLOYMENT_TARGET = 16.0;
				LD_RUNPATH_SEARCH_PATHS = (
					"$(inherited)",
					"@executable_path/Frameworks",
				);
				MARKETING_VERSION = 1.0;
				PRODUCT_BUNDLE_IDENTIFIER = com.jm.SimpleTableView;
				PRODUCT_NAME = "$(TARGET_NAME)";
				SUPPORTED_PLATFORMS = "iphoneos iphonesimulator";
				SUPPORTS_MACCATALYST = NO;
				SUPPORTS_MAC_DESIGNED_FOR_IPHONE_IPAD = NO;
				SUPPORTS_XR_DESIGNED_FOR_IPHONE_IPAD = NO;
				SWIFT_EMIT_LOC_STRINGS = YES;
				SWIFT_VERSION = 5.0;
				TARGETED_DEVICE_FAMILY = 1;
			};
			name = Release;
		};
/* End XCBuildConfiguration section */

/* Begin XCConfigurationList section */
		88AFE8592BFF243800C8E9BB /* Build configuration list for PBXProject "SimpleTableView" */ = {
			isa = XCConfigurationList;
			buildConfigurations = (
				88AFE8702BFF243800C8E9BB /* Debug */,
				88AFE8712BFF243800C8E9BB /* Release */,
			);
			defaultConfigurationIsVisible = 0;
			defaultConfigurationName = Release;
		};
		88AFE8722BFF243800C8E9BB /* Build configuration list for PBXNativeTarget "SimpleTableView" */ = {
			isa = XCConfigurationList;
			buildConfigurations = (
				88AFE8732BFF243800C8E9BB /* Debug */,
				88AFE8742BFF243800C8E9BB /* Release */,
			);
			defaultConfigurationIsVisible = 0;
			defaultConfigurationName = Release;
		};
/* End XCConfigurationList section */
	};
	rootObject = 88AFE8562BFF243800C8E9BB /* Project object */;
}
